
Microsoft Visual Studio Solution File, Format Version 12.00
Project("{2150E333-8FDC-42A3-9474-1A3956D46DE8}") = "1. Src", "1. Src", "{D5F0A5F7-1947-4E19-9946-436CEA9A5D95}"
EndProject
Project("{2150E333-8FDC-42A3-9474-1A3956D46DE8}") = "2. Tests", "2. Tests", "{6FDC7463-F8B8-4EDF-8FC5-78D544DD83AC}"
EndProject
Project("{2150E333-8FDC-42A3-9474-1A3956D46DE8}") = "3. Samples", "3. Samples", "{8D935BDC-5C2B-49FD-B72A-CFAA76578664}"
EndProject
Project("{2150E333-8FDC-42A3-9474-1A3956D46DE8}") = "4. Docs", "4. Docs", "{29E02E5C-3AE5-4EFF-9E61-42169F7F174B}"
	ProjectSection(SolutionItems) = preProject
		LICENSE = LICENSE
		README.md = README.md
	EndProjectSection
EndProject
Project("{FAE04EC0-301F-11D3-BF4B-00C04F79EFBC}") = "Enumeration", "src\Enumeration\Enumeration.csproj", "{4BD298FF-EB3E-4295-9B25-11F16DE8CA37}"
EndProject
Project("{FAE04EC0-301F-11D3-BF4B-00C04F79EFBC}") = "Enumeration.SystemTextJson", "src\Enumeration.SystemTextJson\Enumeration.SystemTextJson.csproj", "{7F2BBBBB-1AEB-49D2-826A-A42A8074792B}"
EndProject
Project("{FAE04EC0-301F-11D3-BF4B-00C04F79EFBC}") = "Enumeration.EFCore", "src\Enumeration.EFCore\Enumeration.EFCore.csproj", "{BCA6E329-1A9D-49EA-9D3E-21240D4E4C5F}"
EndProject
Project("{FAE04EC0-301F-11D3-BF4B-00C04F79EFBC}") = "Enumeration.JsonNet", "src\Enumeration.JsonNet\Enumeration.JsonNet.csproj", "{851A8B2A-4123-4782-ADD1-4F80DCFFE403}"
EndProject
Project("{FAE04EC0-301F-11D3-BF4B-00C04F79EFBC}") = "Enumeration.SwaggerGen", "src\Enumeration.SwaggerGen\Enumeration.SwaggerGen.csproj", "{957CD21C-ADCE-4414-AFB4-5F87360879EA}"
EndProject
Project("{FAE04EC0-301F-11D3-BF4B-00C04F79EFBC}") = "Enumeration.Tests", "tests\Enumeration.Tests\Enumeration.Tests.csproj", "{F13894B2-F6AD-4E89-9F2C-72A09053EA00}"
EndProject
Project("{FAE04EC0-301F-11D3-BF4B-00C04F79EFBC}") = "Enumeration.EFCore.Tests", "tests\Enumeration.EFCore.Tests\Enumeration.EFCore.Tests.csproj", "{B8255C46-FFC0-42C7-97CE-BED81EBE09C7}"
EndProject
Project("{FAE04EC0-301F-11D3-BF4B-00C04F79EFBC}") = "Enumeration.SystemTextJson.Tests", "tests\Enumeration.SystemTextJson.Tests\Enumeration.SystemTextJson.Tests.csproj", "{42321360-16E0-4B60-B52F-6F86C9153E95}"
EndProject
Project("{FAE04EC0-301F-11D3-BF4B-00C04F79EFBC}") = "Enumeration.JsonNet.Tests", "tests\Enumeration.JsonNet.Tests\Enumeration.JsonNet.Tests.csproj", "{6AC41802-37BA-4099-A957-60A9C222C9EC}"
EndProject
Project("{FAE04EC0-301F-11D3-BF4B-00C04F79EFBC}") = "Enumeration.Sample", "samples\Enumeration.Sample\Enumeration.Sample.csproj", "{CDB88B38-D109-4ADF-BB5D-839049ECEC94}"
EndProject
Project("{FAE04EC0-301F-11D3-BF4B-00C04F79EFBC}") = "Enumeration.EFCore.Sample", "samples\Enumeration.EFCore.Sample\Enumeration.EFCore.Sample.csproj", "{A3965431-46BF-4494-9CF7-0EA13E7EEB70}"
EndProject
Project("{FAE04EC0-301F-11D3-BF4B-00C04F79EFBC}") = "Enumeration.SystemTextJson.Sample", "samples\Enumeration.SystemTextJson.Sample\Enumeration.SystemTextJson.Sample.csproj", "{ABFE2F95-BD51-4865-89B9-51208BFE953A}"
EndProject
Project("{FAE04EC0-301F-11D3-BF4B-00C04F79EFBC}") = "Enumeration.JsonNet.Sample", "samples\Enumeration.JsonNet.Sample\Enumeration.JsonNet.Sample.csproj", "{7EDC740E-A1A9-4104-ACA0-000B29C2D097}"
EndProject
Project("{FAE04EC0-301F-11D3-BF4B-00C04F79EFBC}") = "Enumeration.SwaggerGen.Sample", "samples\Enumeration.SwaggerGen.Sample\Enumeration.SwaggerGen.Sample.csproj", "{E9DE2C87-45D1-4DC3-887E-D3DA51C3E6DD}"
EndProject
Project("{FAE04EC0-301F-11D3-BF4B-00C04F79EFBC}") = "Enumeration.Mappers.Tests", "tests\Enumeration.Mappers.Tests\Enumeration.Mappers.Tests.csproj", "{8B926822-1B4B-4175-B03F-BC8AE2F67AC9}"
EndProject
Project("{FAE04EC0-301F-11D3-BF4B-00C04F79EFBC}") = "Enumeration.Mappers", "src\Enumeration.Mappers\Enumeration.Mappers.csproj", "{6378D270-ABD2-4B84-9660-FF58539DE06A}"
EndProject
Project("{FAE04EC0-301F-11D3-BF4B-00C04F79EFBC}") = "Enumeration.Mappers.Sample", "samples\Enumeration.Mappers.Sample\Enumeration.Mappers.Sample.csproj", "{7FA662AC-5046-4DDA-8F57-F9C656CDAED6}"
EndProject
Project("{FAE04EC0-301F-11D3-BF4B-00C04F79EFBC}") = "Enumeration.Generator", "src\Enumeration.Generator\Enumeration.Generator.csproj", "{8DC99049-D85D-4F5C-9D1F-1E1202559D68}"
EndProject
Project("{FAE04EC0-301F-11D3-BF4B-00C04F79EFBC}") = "Enumeration.Generator.Tests", "tests\Enumeration.Generator.Tests\Enumeration.Generator.Tests.csproj", "{9D5A3C04-8452-4370-B42B-22D5B378E833}"
EndProject
Global
	GlobalSection(SolutionConfigurationPlatforms) = preSolution
		Debug|Any CPU = Debug|Any CPU
		Release|Any CPU = Release|Any CPU
	EndGlobalSection
	GlobalSection(ProjectConfigurationPlatforms) = postSolution
		{4BD298FF-EB3E-4295-9B25-11F16DE8CA37}.Debug|Any CPU.ActiveCfg = Debug|Any CPU
		{4BD298FF-EB3E-4295-9B25-11F16DE8CA37}.Debug|Any CPU.Build.0 = Debug|Any CPU
		{4BD298FF-EB3E-4295-9B25-11F16DE8CA37}.Release|Any CPU.ActiveCfg = Release|Any CPU
		{4BD298FF-EB3E-4295-9B25-11F16DE8CA37}.Release|Any CPU.Build.0 = Release|Any CPU
		{7F2BBBBB-1AEB-49D2-826A-A42A8074792B}.Debug|Any CPU.ActiveCfg = Debug|Any CPU
		{7F2BBBBB-1AEB-49D2-826A-A42A8074792B}.Debug|Any CPU.Build.0 = Debug|Any CPU
		{7F2BBBBB-1AEB-49D2-826A-A42A8074792B}.Release|Any CPU.ActiveCfg = Release|Any CPU
		{7F2BBBBB-1AEB-49D2-826A-A42A8074792B}.Release|Any CPU.Build.0 = Release|Any CPU
		{BCA6E329-1A9D-49EA-9D3E-21240D4E4C5F}.Debug|Any CPU.ActiveCfg = Debug|Any CPU
		{BCA6E329-1A9D-49EA-9D3E-21240D4E4C5F}.Debug|Any CPU.Build.0 = Debug|Any CPU
		{BCA6E329-1A9D-49EA-9D3E-21240D4E4C5F}.Release|Any CPU.ActiveCfg = Release|Any CPU
		{BCA6E329-1A9D-49EA-9D3E-21240D4E4C5F}.Release|Any CPU.Build.0 = Release|Any CPU
		{F13894B2-F6AD-4E89-9F2C-72A09053EA00}.Debug|Any CPU.ActiveCfg = Debug|Any CPU
		{F13894B2-F6AD-4E89-9F2C-72A09053EA00}.Debug|Any CPU.Build.0 = Debug|Any CPU
		{F13894B2-F6AD-4E89-9F2C-72A09053EA00}.Release|Any CPU.ActiveCfg = Release|Any CPU
		{F13894B2-F6AD-4E89-9F2C-72A09053EA00}.Release|Any CPU.Build.0 = Release|Any CPU
		{B8255C46-FFC0-42C7-97CE-BED81EBE09C7}.Debug|Any CPU.ActiveCfg = Debug|Any CPU
		{B8255C46-FFC0-42C7-97CE-BED81EBE09C7}.Debug|Any CPU.Build.0 = Debug|Any CPU
		{B8255C46-FFC0-42C7-97CE-BED81EBE09C7}.Release|Any CPU.ActiveCfg = Release|Any CPU
		{B8255C46-FFC0-42C7-97CE-BED81EBE09C7}.Release|Any CPU.Build.0 = Release|Any CPU
		{42321360-16E0-4B60-B52F-6F86C9153E95}.Debug|Any CPU.ActiveCfg = Debug|Any CPU
		{42321360-16E0-4B60-B52F-6F86C9153E95}.Debug|Any CPU.Build.0 = Debug|Any CPU
		{42321360-16E0-4B60-B52F-6F86C9153E95}.Release|Any CPU.ActiveCfg = Release|Any CPU
		{42321360-16E0-4B60-B52F-6F86C9153E95}.Release|Any CPU.Build.0 = Release|Any CPU
		{851A8B2A-4123-4782-ADD1-4F80DCFFE403}.Debug|Any CPU.ActiveCfg = Debug|Any CPU
		{851A8B2A-4123-4782-ADD1-4F80DCFFE403}.Debug|Any CPU.Build.0 = Debug|Any CPU
		{851A8B2A-4123-4782-ADD1-4F80DCFFE403}.Release|Any CPU.ActiveCfg = Release|Any CPU
		{851A8B2A-4123-4782-ADD1-4F80DCFFE403}.Release|Any CPU.Build.0 = Release|Any CPU
		{6AC41802-37BA-4099-A957-60A9C222C9EC}.Debug|Any CPU.ActiveCfg = Debug|Any CPU
		{6AC41802-37BA-4099-A957-60A9C222C9EC}.Debug|Any CPU.Build.0 = Debug|Any CPU
		{6AC41802-37BA-4099-A957-60A9C222C9EC}.Release|Any CPU.ActiveCfg = Release|Any CPU
		{6AC41802-37BA-4099-A957-60A9C222C9EC}.Release|Any CPU.Build.0 = Release|Any CPU
		{957CD21C-ADCE-4414-AFB4-5F87360879EA}.Debug|Any CPU.ActiveCfg = Debug|Any CPU
		{957CD21C-ADCE-4414-AFB4-5F87360879EA}.Debug|Any CPU.Build.0 = Debug|Any CPU
		{957CD21C-ADCE-4414-AFB4-5F87360879EA}.Release|Any CPU.ActiveCfg = Release|Any CPU
		{957CD21C-ADCE-4414-AFB4-5F87360879EA}.Release|Any CPU.Build.0 = Release|Any CPU
		{CDB88B38-D109-4ADF-BB5D-839049ECEC94}.Debug|Any CPU.ActiveCfg = Debug|Any CPU
		{CDB88B38-D109-4ADF-BB5D-839049ECEC94}.Debug|Any CPU.Build.0 = Debug|Any CPU
		{CDB88B38-D109-4ADF-BB5D-839049ECEC94}.Release|Any CPU.ActiveCfg = Release|Any CPU
		{CDB88B38-D109-4ADF-BB5D-839049ECEC94}.Release|Any CPU.Build.0 = Release|Any CPU
		{A3965431-46BF-4494-9CF7-0EA13E7EEB70}.Debug|Any CPU.ActiveCfg = Debug|Any CPU
		{A3965431-46BF-4494-9CF7-0EA13E7EEB70}.Debug|Any CPU.Build.0 = Debug|Any CPU
		{A3965431-46BF-4494-9CF7-0EA13E7EEB70}.Release|Any CPU.ActiveCfg = Release|Any CPU
		{A3965431-46BF-4494-9CF7-0EA13E7EEB70}.Release|Any CPU.Build.0 = Release|Any CPU
		{ABFE2F95-BD51-4865-89B9-51208BFE953A}.Debug|Any CPU.ActiveCfg = Debug|Any CPU
		{ABFE2F95-BD51-4865-89B9-51208BFE953A}.Debug|Any CPU.Build.0 = Debug|Any CPU
		{ABFE2F95-BD51-4865-89B9-51208BFE953A}.Release|Any CPU.ActiveCfg = Release|Any CPU
		{ABFE2F95-BD51-4865-89B9-51208BFE953A}.Release|Any CPU.Build.0 = Release|Any CPU
		{7EDC740E-A1A9-4104-ACA0-000B29C2D097}.Debug|Any CPU.ActiveCfg = Debug|Any CPU
		{7EDC740E-A1A9-4104-ACA0-000B29C2D097}.Debug|Any CPU.Build.0 = Debug|Any CPU
		{7EDC740E-A1A9-4104-ACA0-000B29C2D097}.Release|Any CPU.ActiveCfg = Release|Any CPU
		{7EDC740E-A1A9-4104-ACA0-000B29C2D097}.Release|Any CPU.Build.0 = Release|Any CPU
		{E9DE2C87-45D1-4DC3-887E-D3DA51C3E6DD}.Debug|Any CPU.ActiveCfg = Debug|Any CPU
		{E9DE2C87-45D1-4DC3-887E-D3DA51C3E6DD}.Debug|Any CPU.Build.0 = Debug|Any CPU
		{E9DE2C87-45D1-4DC3-887E-D3DA51C3E6DD}.Release|Any CPU.ActiveCfg = Release|Any CPU
		{E9DE2C87-45D1-4DC3-887E-D3DA51C3E6DD}.Release|Any CPU.Build.0 = Release|Any CPU
		{8B926822-1B4B-4175-B03F-BC8AE2F67AC9}.Debug|Any CPU.ActiveCfg = Debug|Any CPU
		{8B926822-1B4B-4175-B03F-BC8AE2F67AC9}.Debug|Any CPU.Build.0 = Debug|Any CPU
		{8B926822-1B4B-4175-B03F-BC8AE2F67AC9}.Release|Any CPU.ActiveCfg = Release|Any CPU
		{8B926822-1B4B-4175-B03F-BC8AE2F67AC9}.Release|Any CPU.Build.0 = Release|Any CPU
		{6378D270-ABD2-4B84-9660-FF58539DE06A}.Debug|Any CPU.ActiveCfg = Debug|Any CPU
		{6378D270-ABD2-4B84-9660-FF58539DE06A}.Debug|Any CPU.Build.0 = Debug|Any CPU
		{6378D270-ABD2-4B84-9660-FF58539DE06A}.Release|Any CPU.ActiveCfg = Release|Any CPU
		{6378D270-ABD2-4B84-9660-FF58539DE06A}.Release|Any CPU.Build.0 = Release|Any CPU
		{7FA662AC-5046-4DDA-8F57-F9C656CDAED6}.Debug|Any CPU.ActiveCfg = Debug|Any CPU
		{7FA662AC-5046-4DDA-8F57-F9C656CDAED6}.Debug|Any CPU.Build.0 = Debug|Any CPU
		{7FA662AC-5046-4DDA-8F57-F9C656CDAED6}.Release|Any CPU.ActiveCfg = Release|Any CPU
		{7FA662AC-5046-4DDA-8F57-F9C656CDAED6}.Release|Any CPU.Build.0 = Release|Any CPU
		{8DC99049-D85D-4F5C-9D1F-1E1202559D68}.Debug|Any CPU.ActiveCfg = Debug|Any CPU
		{8DC99049-D85D-4F5C-9D1F-1E1202559D68}.Debug|Any CPU.Build.0 = Debug|Any CPU
		{8DC99049-D85D-4F5C-9D1F-1E1202559D68}.Release|Any CPU.ActiveCfg = Release|Any CPU
		{8DC99049-D85D-4F5C-9D1F-1E1202559D68}.Release|Any CPU.Build.0 = Release|Any CPU
		{9D5A3C04-8452-4370-B42B-22D5B378E833}.Debug|Any CPU.ActiveCfg = Debug|Any CPU
		{9D5A3C04-8452-4370-B42B-22D5B378E833}.Debug|Any CPU.Build.0 = Debug|Any CPU
		{9D5A3C04-8452-4370-B42B-22D5B378E833}.Release|Any CPU.ActiveCfg = Release|Any CPU
		{9D5A3C04-8452-4370-B42B-22D5B378E833}.Release|Any CPU.Build.0 = Release|Any CPU
	EndGlobalSection
	GlobalSection(NestedProjects) = preSolution
		{4BD298FF-EB3E-4295-9B25-11F16DE8CA37} = {D5F0A5F7-1947-4E19-9946-436CEA9A5D95}
		{BCA6E329-1A9D-49EA-9D3E-21240D4E4C5F} = {D5F0A5F7-1947-4E19-9946-436CEA9A5D95}
		{7F2BBBBB-1AEB-49D2-826A-A42A8074792B} = {D5F0A5F7-1947-4E19-9946-436CEA9A5D95}
		{B8255C46-FFC0-42C7-97CE-BED81EBE09C7} = {6FDC7463-F8B8-4EDF-8FC5-78D544DD83AC}
		{42321360-16E0-4B60-B52F-6F86C9153E95} = {6FDC7463-F8B8-4EDF-8FC5-78D544DD83AC}
		{F13894B2-F6AD-4E89-9F2C-72A09053EA00} = {6FDC7463-F8B8-4EDF-8FC5-78D544DD83AC}
		{851A8B2A-4123-4782-ADD1-4F80DCFFE403} = {D5F0A5F7-1947-4E19-9946-436CEA9A5D95}
		{6AC41802-37BA-4099-A957-60A9C222C9EC} = {6FDC7463-F8B8-4EDF-8FC5-78D544DD83AC}
		{957CD21C-ADCE-4414-AFB4-5F87360879EA} = {D5F0A5F7-1947-4E19-9946-436CEA9A5D95}
		{CDB88B38-D109-4ADF-BB5D-839049ECEC94} = {8D935BDC-5C2B-49FD-B72A-CFAA76578664}
		{A3965431-46BF-4494-9CF7-0EA13E7EEB70} = {8D935BDC-5C2B-49FD-B72A-CFAA76578664}
		{ABFE2F95-BD51-4865-89B9-51208BFE953A} = {8D935BDC-5C2B-49FD-B72A-CFAA76578664}
		{7EDC740E-A1A9-4104-ACA0-000B29C2D097} = {8D935BDC-5C2B-49FD-B72A-CFAA76578664}
		{E9DE2C87-45D1-4DC3-887E-D3DA51C3E6DD} = {8D935BDC-5C2B-49FD-B72A-CFAA76578664}
		{8B926822-1B4B-4175-B03F-BC8AE2F67AC9} = {6FDC7463-F8B8-4EDF-8FC5-78D544DD83AC}
		{6378D270-ABD2-4B84-9660-FF58539DE06A} = {D5F0A5F7-1947-4E19-9946-436CEA9A5D95}
		{7FA662AC-5046-4DDA-8F57-F9C656CDAED6} = {8D935BDC-5C2B-49FD-B72A-CFAA76578664}
		{8DC99049-D85D-4F5C-9D1F-1E1202559D68} = {D5F0A5F7-1947-4E19-9946-436CEA9A5D95}
		{9D5A3C04-8452-4370-B42B-22D5B378E833} = {6FDC7463-F8B8-4EDF-8FC5-78D544DD83AC}
	EndGlobalSection
EndGlobal
